
Microsoft Visual Studio Solution File, Format Version 12.00
Project("{FAE04EC0-301F-11D3-BF4B-00C04F79EFBC}") = "HaroohiePals.NitroEffectMaker", "src\HaroohiePals.NitroEffectMaker\HaroohiePals.NitroEffectMaker.csproj", "{8CFB9675-C840-4DC8-9FFE-7EF4ADC12D07}"
EndProject
Project("{2150E333-8FDC-42A3-9474-1A3956D46DE8}") = "Submodules", "Submodules", "{3D92DCAB-7AB5-417C-9F57-0F828B9891F0}"
EndProject
Project("{FAE04EC0-301F-11D3-BF4B-00C04F79EFBC}") = "HaroohiePals.Core", "MarioKartToolbox\src\HaroohiePals.Core\HaroohiePals.Core.csproj", "{7AE6AE07-E173-4081-B00E-7A7E1D96551F}"
EndProject
Project("{FAE04EC0-301F-11D3-BF4B-00C04F79EFBC}") = "HaroohiePals.Actions", "MarioKartToolbox\src\HaroohiePals.Actions\HaroohiePals.Actions.csproj", "{54D47A9F-BE08-47AB-84E5-F41E9EEF89B5}"
EndProject
Project("{FAE04EC0-301F-11D3-BF4B-00C04F79EFBC}") = "HaroohiePals.Graphics", "MarioKartToolbox\src\HaroohiePals.Graphics\HaroohiePals.Graphics.csproj", "{83016590-6CF8-4FB5-B1E9-33F349CA90D6}"
EndProject
Project("{FAE04EC0-301F-11D3-BF4B-00C04F79EFBC}") = "HaroohiePals.Graphics3d", "MarioKartToolbox\src\HaroohiePals.Graphics3d\HaroohiePals.Graphics3d.csproj", "{0DC12018-BECB-46EA-A1F3-9060E5C98B32}"
EndProject
Project("{FAE04EC0-301F-11D3-BF4B-00C04F79EFBC}") = "HaroohiePals.Graphics3d.OpenGL", "MarioKartToolbox\src\HaroohiePals.Graphics3d.OpenGL\HaroohiePals.Graphics3d.OpenGL.csproj", "{52DB9DF1-78F9-4F4A-A62A-39F37FDEABCB}"
EndProject
Project("{FAE04EC0-301F-11D3-BF4B-00C04F79EFBC}") = "HaroohiePals.Graphics3d.OpenGL.Renderers", "MarioKartToolbox\src\HaroohiePals.Graphics3d.OpenGL.Renderers\HaroohiePals.Graphics3d.OpenGL.Renderers.csproj", "{80853D1D-74B5-47B0-B7AE-24D4242C38B8}"
EndProject
Project("{FAE04EC0-301F-11D3-BF4B-00C04F79EFBC}") = "HaroohiePals.Gui", "MarioKartToolbox\src\HaroohiePals.Gui\HaroohiePals.Gui.csproj", "{AB71D2D6-A123-4B5D-B4F3-B80FF844E029}"
EndProject
Project("{FAE04EC0-301F-11D3-BF4B-00C04F79EFBC}") = "HaroohiePals.Gui.Viewport", "MarioKartToolbox\src\HaroohiePals.Gui.Viewport\HaroohiePals.Gui.Viewport.csproj", "{9E844947-C0A8-4722-BF3A-EE94086E4621}"
EndProject
Project("{FAE04EC0-301F-11D3-BF4B-00C04F79EFBC}") = "HaroohiePals.IO", "MarioKartToolbox\src\HaroohiePals.IO\HaroohiePals.IO.csproj", "{1FD687E8-476B-4F2E-9457-E0E23709CF31}"
EndProject
Project("{FAE04EC0-301F-11D3-BF4B-00C04F79EFBC}") = "HaroohiePals.Mathematics", "MarioKartToolbox\src\HaroohiePals.Math\HaroohiePals.Mathematics.csproj", "{054080ED-389E-4A7D-A5E0-AA64557B9B8E}"
EndProject
Project("{FAE04EC0-301F-11D3-BF4B-00C04F79EFBC}") = "HaroohiePals.Nitro", "MarioKartToolbox\src\HaroohiePals.Nitro\HaroohiePals.Nitro.csproj", "{07541DFA-E401-40BF-847C-52CA013FAF9F}"
EndProject
Project("{FAE04EC0-301F-11D3-BF4B-00C04F79EFBC}") = "HaroohiePals.Nitro.G3.OpenGL", "MarioKartToolbox\src\HaroohiePals.Nitro.G3.OpenGL\HaroohiePals.Nitro.G3.OpenGL.csproj", "{5CD9CF06-5E4B-4278-9AD3-BCF6097B5A9A}"
EndProject
Project("{FAE04EC0-301F-11D3-BF4B-00C04F79EFBC}") = "HaroohiePals.Nitro.JNLib.Spl", "MarioKartToolbox\src\HaroohiePals.Nitro.JNLib.Spl\HaroohiePals.Nitro.JNLib.Spl.csproj", "{C9F2D6F9-E5B4-48FC-BC39-32477DA201F4}"
EndProject
Project("{FAE04EC0-301F-11D3-BF4B-00C04F79EFBC}") = "HaroohiePals.Sound", "MarioKartToolbox\src\HaroohiePals.Sound\HaroohiePals.Sound.csproj", "{B7590788-2ACF-4A22-B5D5-0C6F6089B05C}"
EndProject
Global
	GlobalSection(SolutionConfigurationPlatforms) = preSolution
		Debug|Any CPU = Debug|Any CPU
		Release|Any CPU = Release|Any CPU
	EndGlobalSection
	GlobalSection(ProjectConfigurationPlatforms) = postSolution
		{8CFB9675-C840-4DC8-9FFE-7EF4ADC12D07}.Debug|Any CPU.ActiveCfg = Debug|Any CPU
		{8CFB9675-C840-4DC8-9FFE-7EF4ADC12D07}.Debug|Any CPU.Build.0 = Debug|Any CPU
		{8CFB9675-C840-4DC8-9FFE-7EF4ADC12D07}.Release|Any CPU.ActiveCfg = Release|Any CPU
		{8CFB9675-C840-4DC8-9FFE-7EF4ADC12D07}.Release|Any CPU.Build.0 = Release|Any CPU
		{7AE6AE07-E173-4081-B00E-7A7E1D96551F}.Debug|Any CPU.ActiveCfg = Debug|Any CPU
		{7AE6AE07-E173-4081-B00E-7A7E1D96551F}.Debug|Any CPU.Build.0 = Debug|Any CPU
		{7AE6AE07-E173-4081-B00E-7A7E1D96551F}.Release|Any CPU.ActiveCfg = Release|Any CPU
		{7AE6AE07-E173-4081-B00E-7A7E1D96551F}.Release|Any CPU.Build.0 = Release|Any CPU
		{54D47A9F-BE08-47AB-84E5-F41E9EEF89B5}.Debug|Any CPU.ActiveCfg = Debug|Any CPU
		{54D47A9F-BE08-47AB-84E5-F41E9EEF89B5}.Debug|Any CPU.Build.0 = Debug|Any CPU
		{54D47A9F-BE08-47AB-84E5-F41E9EEF89B5}.Release|Any CPU.ActiveCfg = Release|Any CPU
		{54D47A9F-BE08-47AB-84E5-F41E9EEF89B5}.Release|Any CPU.Build.0 = Release|Any CPU
		{83016590-6CF8-4FB5-B1E9-33F349CA90D6}.Debug|Any CPU.ActiveCfg = Debug|Any CPU
		{83016590-6CF8-4FB5-B1E9-33F349CA90D6}.Debug|Any CPU.Build.0 = Debug|Any CPU
		{83016590-6CF8-4FB5-B1E9-33F349CA90D6}.Release|Any CPU.ActiveCfg = Release|Any CPU
		{83016590-6CF8-4FB5-B1E9-33F349CA90D6}.Release|Any CPU.Build.0 = Release|Any CPU
		{0DC12018-BECB-46EA-A1F3-9060E5C98B32}.Debug|Any CPU.ActiveCfg = Debug|Any CPU
		{0DC12018-BECB-46EA-A1F3-9060E5C98B32}.Debug|Any CPU.Build.0 = Debug|Any CPU
		{0DC12018-BECB-46EA-A1F3-9060E5C98B32}.Release|Any CPU.ActiveCfg = Release|Any CPU
		{0DC12018-BECB-46EA-A1F3-9060E5C98B32}.Release|Any CPU.Build.0 = Release|Any CPU
		{52DB9DF1-78F9-4F4A-A62A-39F37FDEABCB}.Debug|Any CPU.ActiveCfg = Debug|Any CPU
		{52DB9DF1-78F9-4F4A-A62A-39F37FDEABCB}.Debug|Any CPU.Build.0 = Debug|Any CPU
		{52DB9DF1-78F9-4F4A-A62A-39F37FDEABCB}.Release|Any CPU.ActiveCfg = Release|Any CPU
		{52DB9DF1-78F9-4F4A-A62A-39F37FDEABCB}.Release|Any CPU.Build.0 = Release|Any CPU
		{80853D1D-74B5-47B0-B7AE-24D4242C38B8}.Debug|Any CPU.ActiveCfg = Debug|Any CPU
		{80853D1D-74B5-47B0-B7AE-24D4242C38B8}.Debug|Any CPU.Build.0 = Debug|Any CPU
		{80853D1D-74B5-47B0-B7AE-24D4242C38B8}.Release|Any CPU.ActiveCfg = Release|Any CPU
		{80853D1D-74B5-47B0-B7AE-24D4242C38B8}.Release|Any CPU.Build.0 = Release|Any CPU
		{AB71D2D6-A123-4B5D-B4F3-B80FF844E029}.Debug|Any CPU.ActiveCfg = Debug|Any CPU
		{AB71D2D6-A123-4B5D-B4F3-B80FF844E029}.Debug|Any CPU.Build.0 = Debug|Any CPU
		{AB71D2D6-A123-4B5D-B4F3-B80FF844E029}.Release|Any CPU.ActiveCfg = Release|Any CPU
		{AB71D2D6-A123-4B5D-B4F3-B80FF844E029}.Release|Any CPU.Build.0 = Release|Any CPU
		{9E844947-C0A8-4722-BF3A-EE94086E4621}.Debug|Any CPU.ActiveCfg = Debug|Any CPU
		{9E844947-C0A8-4722-BF3A-EE94086E4621}.Debug|Any CPU.Build.0 = Debug|Any CPU
		{9E844947-C0A8-4722-BF3A-EE94086E4621}.Release|Any CPU.ActiveCfg = Release|Any CPU
		{9E844947-C0A8-4722-BF3A-EE94086E4621}.Release|Any CPU.Build.0 = Release|Any CPU
		{1FD687E8-476B-4F2E-9457-E0E23709CF31}.Debug|Any CPU.ActiveCfg = Debug|Any CPU
		{1FD687E8-476B-4F2E-9457-E0E23709CF31}.Debug|Any CPU.Build.0 = Debug|Any CPU
		{1FD687E8-476B-4F2E-9457-E0E23709CF31}.Release|Any CPU.ActiveCfg = Release|Any CPU
		{1FD687E8-476B-4F2E-9457-E0E23709CF31}.Release|Any CPU.Build.0 = Release|Any CPU
		{054080ED-389E-4A7D-A5E0-AA64557B9B8E}.Debug|Any CPU.ActiveCfg = Debug|Any CPU
		{054080ED-389E-4A7D-A5E0-AA64557B9B8E}.Debug|Any CPU.Build.0 = Debug|Any CPU
		{054080ED-389E-4A7D-A5E0-AA64557B9B8E}.Release|Any CPU.ActiveCfg = Release|Any CPU
		{054080ED-389E-4A7D-A5E0-AA64557B9B8E}.Release|Any CPU.Build.0 = Release|Any CPU
		{07541DFA-E401-40BF-847C-52CA013FAF9F}.Debug|Any CPU.ActiveCfg = Debug|Any CPU
		{07541DFA-E401-40BF-847C-52CA013FAF9F}.Debug|Any CPU.Build.0 = Debug|Any CPU
		{07541DFA-E401-40BF-847C-52CA013FAF9F}.Release|Any CPU.ActiveCfg = Release|Any CPU
		{07541DFA-E401-40BF-847C-52CA013FAF9F}.Release|Any CPU.Build.0 = Release|Any CPU
		{5CD9CF06-5E4B-4278-9AD3-BCF6097B5A9A}.Debug|Any CPU.ActiveCfg = Debug|Any CPU
		{5CD9CF06-5E4B-4278-9AD3-BCF6097B5A9A}.Debug|Any CPU.Build.0 = Debug|Any CPU
		{5CD9CF06-5E4B-4278-9AD3-BCF6097B5A9A}.Release|Any CPU.ActiveCfg = Release|Any CPU
		{5CD9CF06-5E4B-4278-9AD3-BCF6097B5A9A}.Release|Any CPU.Build.0 = Release|Any CPU
		{C9F2D6F9-E5B4-48FC-BC39-32477DA201F4}.Debug|Any CPU.ActiveCfg = Debug|Any CPU
		{C9F2D6F9-E5B4-48FC-BC39-32477DA201F4}.Debug|Any CPU.Build.0 = Debug|Any CPU
		{C9F2D6F9-E5B4-48FC-BC39-32477DA201F4}.Release|Any CPU.ActiveCfg = Release|Any CPU
		{C9F2D6F9-E5B4-48FC-BC39-32477DA201F4}.Release|Any CPU.Build.0 = Release|Any CPU
		{B7590788-2ACF-4A22-B5D5-0C6F6089B05C}.Debug|Any CPU.ActiveCfg = Debug|Any CPU
		{B7590788-2ACF-4A22-B5D5-0C6F6089B05C}.Debug|Any CPU.Build.0 = Debug|Any CPU
		{B7590788-2ACF-4A22-B5D5-0C6F6089B05C}.Release|Any CPU.ActiveCfg = Release|Any CPU
		{B7590788-2ACF-4A22-B5D5-0C6F6089B05C}.Release|Any CPU.Build.0 = Release|Any CPU
	EndGlobalSection
	GlobalSection(NestedProjects) = preSolution
		{7AE6AE07-E173-4081-B00E-7A7E1D96551F} = {3D92DCAB-7AB5-417C-9F57-0F828B9891F0}
		{54D47A9F-BE08-47AB-84E5-F41E9EEF89B5} = {3D92DCAB-7AB5-417C-9F57-0F828B9891F0}
		{83016590-6CF8-4FB5-B1E9-33F349CA90D6} = {3D92DCAB-7AB5-417C-9F57-0F828B9891F0}
		{0DC12018-BECB-46EA-A1F3-9060E5C98B32} = {3D92DCAB-7AB5-417C-9F57-0F828B9891F0}
		{52DB9DF1-78F9-4F4A-A62A-39F37FDEABCB} = {3D92DCAB-7AB5-417C-9F57-0F828B9891F0}
		{80853D1D-74B5-47B0-B7AE-24D4242C38B8} = {3D92DCAB-7AB5-417C-9F57-0F828B9891F0}
		{AB71D2D6-A123-4B5D-B4F3-B80FF844E029} = {3D92DCAB-7AB5-417C-9F57-0F828B9891F0}
		{9E844947-C0A8-4722-BF3A-EE94086E4621} = {3D92DCAB-7AB5-417C-9F57-0F828B9891F0}
		{1FD687E8-476B-4F2E-9457-E0E23709CF31} = {3D92DCAB-7AB5-417C-9F57-0F828B9891F0}
		{054080ED-389E-4A7D-A5E0-AA64557B9B8E} = {3D92DCAB-7AB5-417C-9F57-0F828B9891F0}
		{07541DFA-E401-40BF-847C-52CA013FAF9F} = {3D92DCAB-7AB5-417C-9F57-0F828B9891F0}
		{5CD9CF06-5E4B-4278-9AD3-BCF6097B5A9A} = {3D92DCAB-7AB5-417C-9F57-0F828B9891F0}
		{C9F2D6F9-E5B4-48FC-BC39-32477DA201F4} = {3D92DCAB-7AB5-417C-9F57-0F828B9891F0}
		{B7590788-2ACF-4A22-B5D5-0C6F6089B05C} = {3D92DCAB-7AB5-417C-9F57-0F828B9891F0}
	EndGlobalSection
EndGlobal
